{
  "name": "github-config",
  "version": "7.3.0",
  "lockfileVersion": 3,
  "requires": true,
  "packages": {
    "": {
      "name": "github-config",
      "version": "7.3.0",
      "license": "UNLICENSED",
      "devDependencies": {
        "@hedia/prettier-config": "1.2.1"
      }
    },
    "node_modules/@hedia/prettier-config": {
      "version": "1.2.1",
      "resolved": "https://registry.npmjs.org/@hedia/prettier-config/-/prettier-config-1.2.1.tgz",
      "integrity": "sha512-Pkl5kWqe7XNTz9zsBZyw+aHf1d0+p1dN35Uvef9+Rfayu3tsumm5XfDN5O+FFVPxg1+XFg26uCDldRPcgLBXNQ==",
      "dev": true,
      "license": "ISC",
      "dependencies": {
        "prettier": "^3.3.3"
      },
      "engines": {
        "node": ">=22",
        "npm": ">=10"
      }
    },
    "node_modules/prettier": {
      "version": "3.3.3",
      "resolved": "https://registry.npmjs.org/prettier/-/prettier-3.3.3.tgz",
      "integrity": "sha512-i2tDNA0O5IrMO757lfrdQZCc2jPNDVntV0m/+4whiDfWaTKfMNgR7Qz0NAeGz/nRqF4m5/6CLzbP4/liHt12Ew==",
      "dev": true,
      "license": "MIT",
      "bin": {
        "prettier": "bin/prettier.cjs"
      },
      "engines": {
        "node": ">=14"
      },
      "funding": {
        "url": "https://github.com/prettier/prettier?sponsor=1"
      }
    }
  }
}
